
Microsoft Visual Studio Solution File, Format Version 12.00
# Visual Studio Version 17
VisualStudioVersion = 17.8.34330.188
MinimumVisualStudioVersion = 10.0.40219.1
Project("{FAE04EC0-301F-11D3-BF4B-00C04F79EFBC}") = "StorageApi", "StorageApi\StorageApi.csproj", "{B655F160-CD98-496D-BDB7-95D7CAA3FABF}"
EndProject
Project("{FAE04EC0-301F-11D3-BF4B-00C04F79EFBC}") = "Storage.Service", "Storage.Service\Storage.Service.csproj", "{BB8F15F2-640A-4D68-A96E-91A7A8C6B88F}"
EndProject
Project("{FAE04EC0-301F-11D3-BF4B-00C04F79EFBC}") = "Storage.Entity", "Storage.Entity\Storage.Entity.csproj", "{63CC6350-27FE-4AC2-829C-A50EF0BBC42F}"
EndProject
Global
	GlobalSection(SolutionConfigurationPlatforms) = preSolution
		Debug|Any CPU = Debug|Any CPU
		Release|Any CPU = Release|Any CPU
	EndGlobalSection
	GlobalSection(ProjectConfigurationPlatforms) = postSolution
		{B655F160-CD98-496D-BDB7-95D7CAA3FABF}.Debug|Any CPU.ActiveCfg = Debug|Any CPU
		{B655F160-CD98-496D-BDB7-95D7CAA3FABF}.Debug|Any CPU.Build.0 = Debug|Any CPU
		{B655F160-CD98-496D-BDB7-95D7CAA3FABF}.Release|Any CPU.ActiveCfg = Release|Any CPU
		{B655F160-CD98-496D-BDB7-95D7CAA3FABF}.Release|Any CPU.Build.0 = Release|Any CPU
		{BB8F15F2-640A-4D68-A96E-91A7A8C6B88F}.Debug|Any CPU.ActiveCfg = Debug|Any CPU
		{BB8F15F2-640A-4D68-A96E-91A7A8C6B88F}.Debug|Any CPU.Build.0 = Debug|Any CPU
		{BB8F15F2-640A-4D68-A96E-91A7A8C6B88F}.Release|Any CPU.ActiveCfg = Release|Any CPU
		{BB8F15F2-640A-4D68-A96E-91A7A8C6B88F}.Release|Any CPU.Build.0 = Release|Any CPU
		{63CC6350-27FE-4AC2-829C-A50EF0BBC42F}.Debug|Any CPU.ActiveCfg = Debug|Any CPU
		{63CC6350-27FE-4AC2-829C-A50EF0BBC42F}.Debug|Any CPU.Build.0 = Debug|Any CPU
		{63CC6350-27FE-4AC2-829C-A50EF0BBC42F}.Release|Any CPU.ActiveCfg = Release|Any CPU
		{63CC6350-27FE-4AC2-829C-A50EF0BBC42F}.Release|Any CPU.Build.0 = Release|Any CPU
	EndGlobalSection
	GlobalSection(SolutionProperties) = preSolution
		HideSolutionNode = FALSE
	EndGlobalSection
	GlobalSection(ExtensibilityGlobals) = postSolution
		SolutionGuid = {3012CDE7-BFBE-47EB-8FA9-EF2DB9D3F879}
	EndGlobalSection
EndGlobal
